
Microsoft Visual Studio Solution File, Format Version 12.00
# Visual Studio Version 17
VisualStudioVersion = 17.13.35931.197 d17.13
MinimumVisualStudioVersion = 10.0.40219.1
Project("{FAE04EC0-301F-11D3-BF4B-00C04F79EFBC}") = "Presentation", "Presentation\Presentation.csproj", "{CD4F81CD-5F49-4B31-901D-FD65D7A197D5}"
EndProject
Project("{FAE04EC0-301F-11D3-BF4B-00C04F79EFBC}") = "Data", "Data\Data.csproj", "{3AABE4C5-0CCC-401E-AACE-D30D7BC806A6}"
EndProject
Project("{FAE04EC0-301F-11D3-BF4B-00C04F79EFBC}") = "Business", "Business\Business.csproj", "{1F144C51-6040-461B-8027-00B04B9B5168}"
EndProject
Global
	GlobalSection(SolutionConfigurationPlatforms) = preSolution
		Debug|Any CPU = Debug|Any CPU
		Release|Any CPU = Release|Any CPU
	EndGlobalSection
	GlobalSection(ProjectConfigurationPlatforms) = postSolution
		{CD4F81CD-5F49-4B31-901D-FD65D7A197D5}.Debug|Any CPU.ActiveCfg = Debug|Any CPU
		{CD4F81CD-5F49-4B31-901D-FD65D7A197D5}.Debug|Any CPU.Build.0 = Debug|Any CPU
		{CD4F81CD-5F49-4B31-901D-FD65D7A197D5}.Release|Any CPU.ActiveCfg = Release|Any CPU
		{CD4F81CD-5F49-4B31-901D-FD65D7A197D5}.Release|Any CPU.Build.0 = Release|Any CPU
		{3AABE4C5-0CCC-401E-AACE-D30D7BC806A6}.Debug|Any CPU.ActiveCfg = Debug|Any CPU
		{3AABE4C5-0CCC-401E-AACE-D30D7BC806A6}.Debug|Any CPU.Build.0 = Debug|Any CPU
		{3AABE4C5-0CCC-401E-AACE-D30D7BC806A6}.Release|Any CPU.ActiveCfg = Release|Any CPU
		{3AABE4C5-0CCC-401E-AACE-D30D7BC806A6}.Release|Any CPU.Build.0 = Release|Any CPU
		{1F144C51-6040-461B-8027-00B04B9B5168}.Debug|Any CPU.ActiveCfg = Debug|Any CPU
		{1F144C51-6040-461B-8027-00B04B9B5168}.Debug|Any CPU.Build.0 = Debug|Any CPU
		{1F144C51-6040-461B-8027-00B04B9B5168}.Release|Any CPU.ActiveCfg = Release|Any CPU
		{1F144C51-6040-461B-8027-00B04B9B5168}.Release|Any CPU.Build.0 = Release|Any CPU
	EndGlobalSection
	GlobalSection(SolutionProperties) = preSolution
		HideSolutionNode = FALSE
	EndGlobalSection
	GlobalSection(ExtensibilityGlobals) = postSolution
		SolutionGuid = {74AFD69F-62F8-4DEC-961A-A314A6065212}
	EndGlobalSection
EndGlobal
